{
  "name": "pinata-vector-storage",
  "version": "1.0.0",
  "lockfileVersion": 3,
  "requires": true,
  "packages": {
    "": {
      "name": "pinata-vector-storage",
      "version": "1.0.0",
      "license": "MIT",
      "dependencies": {
        "pinata": "^2.4.9"
      }
    },
    "node_modules/pinata": {
      "version": "2.4.9",
      "resolved": "https://registry.npmjs.org/pinata/-/pinata-2.4.9.tgz",
      "integrity": "sha512-94fMvBJXnFgDyZkYRd7SCaXsHZERtDAjIcPIpYlUXAorv77xav3UMU0fipX/EKZwl3Uv8P7Mbul12KdbqpLRdA==",
      "license": "MIT",
      "engines": {
        "node": ">=20"
      },
      "peerDependencies": {
        "react": ">=16.8.0",
        "react-dom": ">=16.8.0"
      },
      "peerDependenciesMeta": {
        "react": {
          "optional": true
        },
        "react-dom": {
          "optional": true
        }
      }
    }
  }
}
